// !$*UTF8*$!
{
	archiveVersion = 1;
	classes = {
	};
	objectVersion = 46;
	objects = {

/* Begin PBXBuildFile section */
		877884651B01258800EEEC5E /* main.m in Sources */ = {isa = PBXBuildFile; fileRef = 877884641B01258800EEEC5E /* main.m */; };
		877884681B01258800EEEC5E /* AppDelegate.m in Sources */ = {isa = PBXBuildFile; fileRef = 877884671B01258800EEEC5E /* AppDelegate.m */; };
		8778846B1B01258800EEEC5E /* ViewController.m in Sources */ = {isa = PBXBuildFile; fileRef = 8778846A1B01258800EEEC5E /* ViewController.m */; };
		8778846E1B01258800EEEC5E /* Main.storyboard in Resources */ = {isa = PBXBuildFile; fileRef = 8778846C1B01258800EEEC5E /* Main.storyboard */; };
		877884701B01258800EEEC5E /* Images.xcassets in Resources */ = {isa = PBXBuildFile; fileRef = 8778846F1B01258800EEEC5E /* Images.xcassets */; };
		877884731B01258800EEEC5E /* LaunchScreen.xib in Resources */ = {isa = PBXBuildFile; fileRef = 877884711B01258800EEEC5E /* LaunchScreen.xib */; };
		8778847F1B01258800EEEC5E /* DragDropTests.m in Sources */ = {isa = PBXBuildFile; fileRef = 8778847E1B01258800EEEC5E /* DragDropTests.m */; };
/* End PBXBuildFile section */

/* Begin PBXContainerItemProxy section */
		877884791B01258800EEEC5E /* PBXContainerItemProxy */ = {
			isa = PBXContainerItemProxy;
			containerPortal = 877884571B01258800EEEC5E /* Project object */;
			proxyType = 1;
			remoteGlobalIDString = 8778845E1B01258800EEEC5E;
			remoteInfo = DragDrop;
		};
/* End PBXContainerItemProxy section */

/* Begin PBXFileReference section */
		8778845F1B01258800EEEC5E /* DragDrop.app */ = {isa = PBXFileReference; explicitFileType = wrapper.application; includeInIndex = 0; path = DragDrop.app; sourceTree = BUILT_PRODUCTS_DIR; };
		877884631B01258800EEEC5E /* Info.plist */ = {isa = PBXFileReference; lastKnownFileType = text.plist.xml; path = Info.plist; sourceTree = "<group>"; };
		877884641B01258800EEEC5E /* main.m */ = {isa = PBXFileReference; lastKnownFileType = sourcecode.c.objc; path = main.m; sourceTree = "<group>"; };
		877884661B01258800EEEC5E /* AppDelegate.h */ = {isa = PBXFileReference; lastKnownFileType = sourcecode.c.h; path = AppDelegate.h; sourceTree = "<group>"; };
		877884671B01258800EEEC5E /* AppDelegate.m */ = {isa = PBXFileReference; lastKnownFileType = sourcecode.c.objc; path = AppDelegate.m; sourceTree = "<group>"; };
		877884691B01258800EEEC5E /* ViewController.h */ = {isa = PBXFileReference; lastKnownFileType = sourcecode.c.h; path = ViewController.h; sourceTree = "<group>"; };
		8778846A1B01258800EEEC5E /* ViewController.m */ = {isa = PBXFileReference; lastKnownFileType = sourcecode.c.objc; path = ViewController.m; sourceTree = "<group>"; };
		8778846D1B01258800EEEC5E /* Base */ = {isa = PBXFileReference; lastKnownFileType = file.storyboard; name = Base; path = Base.lproj/Main.storyboard; sourceTree = "<group>"; };
		8778846F1B01258800EEEC5E /* Images.xcassets */ = {isa = PBXFileReference; lastKnownFileType = folder.assetcatalog; path = Images.xcassets; sourceTree = "<group>"; };
		877884721B01258800EEEC5E /* Base */ = {isa = PBXFileReference; lastKnownFileType = file.xib; name = Base; path = Base.lproj/LaunchScreen.xib; sourceTree = "<group>"; };
		877884781B01258800EEEC5E /* DragDropTests.xctest */ = {isa = PBXFileReference; explicitFileType = wrapper.cfbundle; includeInIndex = 0; path = DragDropTests.xctest; sourceTree = BUILT_PRODUCTS_DIR; };
		8778847D1B01258800EEEC5E /* Info.plist */ = {isa = PBXFileReference; lastKnownFileType = text.plist.xml; path = Info.plist; sourceTree = "<group>"; };
		8778847E1B01258800EEEC5E /* DragDropTests.m */ = {isa = PBXFileReference; lastKnownFileType = sourcecode.c.objc; path = DragDropTests.m; sourceTree = "<group>"; };
/* End PBXFileReference section */

/* Begin PBXFrameworksBuildPhase section */
		8778845C1B01258800EEEC5E /* Frameworks */ = {
			isa = PBXFrameworksBuildPhase;
			buildActionMask = 2147483647;
			files = (
			);
			runOnlyForDeploymentPostprocessing = 0;
		};
		877884751B01258800EEEC5E /* Frameworks */ = {
			isa = PBXFrameworksBuildPhase;
			buildActionMask = 2147483647;
			files = (
			);
			runOnlyForDeploymentPostprocessing = 0;
		};
/* End PBXFrameworksBuildPhase section */

/* Begin PBXGroup section */
		877884561B01258800EEEC5E = {
			isa = PBXGroup;
			children = (
				877884611B01258800EEEC5E /* DragDrop */,
				8778847B1B01258800EEEC5E /* DragDropTests */,
				877884601B01258800EEEC5E /* Products */,
			);
			sourceTree = "<group>";
		};
		877884601B01258800EEEC5E /* Products */ = {
			isa = PBXGroup;
			children = (
				8778845F1B01258800EEEC5E /* DragDrop.app */,
				877884781B01258800EEEC5E /* DragDropTests.xctest */,
			);
			name = Products;
			sourceTree = "<group>";
		};
		877884611B01258800EEEC5E /* DragDrop */ = {
			isa = PBXGroup;
			children = (
				877884661B01258800EEEC5E /* AppDelegate.h */,
				877884671B01258800EEEC5E /* AppDelegate.m */,
				877884691B01258800EEEC5E /* ViewController.h */,
				8778846A1B01258800EEEC5E /* ViewController.m */,
				8778846C1B01258800EEEC5E /* Main.storyboard */,
				8778846F1B01258800EEEC5E /* Images.xcassets */,
				877884711B01258800EEEC5E /* LaunchScreen.xib */,
				877884621B01258800EEEC5E /* Supporting Files */,
			);
			path = DragDrop;
			sourceTree = "<group>";
		};
		877884621B01258800EEEC5E /* Supporting Files */ = {
			isa = PBXGroup;
			children = (
				877884631B01258800EEEC5E /* Info.plist */,
				877884641B01258800EEEC5E /* main.m */,
			);
			name = "Supporting Files";
			sourceTree = "<group>";
		};
		8778847B1B01258800EEEC5E /* DragDropTests */ = {
			isa = PBXGroup;
			children = (
				8778847E1B01258800EEEC5E /* DragDropTests.m */,
				8778847C1B01258800EEEC5E /* Supporting Files */,
			);
			path = DragDropTests;
			sourceTree = "<group>";
		};
		8778847C1B01258800EEEC5E /* Supporting Files */ = {
			isa = PBXGroup;
			children = (
				8778847D1B01258800EEEC5E /* Info.plist */,
			);
			name = "Supporting Files";
			sourceTree = "<group>";
		};
/* End PBXGroup section */

/* Begin PBXNativeTarget section */
		8778845E1B01258800EEEC5E /* DragDrop */ = {
			isa = PBXNativeTarget;
			buildConfigurationList = 877884821B01258800EEEC5E /* Build configuration list for PBXNativeTarget "DragDrop" */;
			buildPhases = (
				8778845B1B01258800EEEC5E /* Sources */,
				8778845C1B01258800EEEC5E /* Frameworks */,
				8778845D1B01258800EEEC5E /* Resources */,
			);
			buildRules = (
			);
			dependencies = (
			);
			name = DragDrop;
			productName = DragDrop;
			productReference = 8778845F1B01258800EEEC5E /* DragDrop.app */;
			productType = "com.apple.product-type.application";
		};
		877884771B01258800EEEC5E /* DragDropTests */ = {
			isa = PBXNativeTarget;
			buildConfigurationList = 877884851B01258800EEEC5E /* Build configuration list for PBXNativeTarget "DragDropTests" */;
			buildPhases = (
				877884741B01258800EEEC5E /* Sources */,
				877884751B01258800EEEC5E /* Frameworks */,
				877884761B01258800EEEC5E /* Resources */,
			);
			buildRules = (
			);
			dependencies = (
				8778847A1B01258800EEEC5E /* PBXTargetDependency */,
			);
			name = DragDropTests;
			productName = DragDropTests;
			productReference = 877884781B01258800EEEC5E /* DragDropTests.xctest */;
			productType = "com.apple.product-type.bundle.unit-test";
		};
/* End PBXNativeTarget section */

/* Begin PBXProject section */
		877884571B01258800EEEC5E /* Project object */ = {
			isa = PBXProject;
			attributes = {
				LastUpgradeCheck = 0640;
				ORGANIZATIONNAME = ZD;
				TargetAttributes = {
					8778845E1B01258800EEEC5E = {
						CreatedOnToolsVersion = 6.4;
					};
					877884771B01258800EEEC5E = {
						CreatedOnToolsVersion = 6.4;
						TestTargetID = 8778845E1B01258800EEEC5E;
					};
				};
			};
			buildConfigurationList = 8778845A1B01258800EEEC5E /* Build configuration list for PBXProject "DragDrop" */;
			compatibilityVersion = "Xcode 3.2";
			developmentRegion = English;
			hasScannedForEncodings = 0;
			knownRegions = (
				en,
				Base,
			);
			mainGroup = 877884561B01258800EEEC5E;
			productRefGroup = 877884601B01258800EEEC5E /* Products */;
			projectDirPath = "";
			projectRoot = "";
			targets = (
				8778845E1B01258800EEEC5E /* DragDrop */,
				877884771B01258800EEEC5E /* DragDropTests */,
			);
		};
/* End PBXProject section */

/* Begin PBXResourcesBuildPhase section */
		8778845D1B01258800EEEC5E /* Resources */ = {
			isa = PBXResourcesBuildPhase;
			buildActionMask = 2147483647;
			files = (
				8778846E1B01258800EEEC5E /* Main.storyboard in Resources */,
				877884731B01258800EEEC5E /* LaunchScreen.xib in Resources */,
				877884701B01258800EEEC5E /* Images.xcassets in Resources */,
			);
			runOnlyForDeploymentPostprocessing = 0;
		};
		877884761B01258800EEEC5E /* Resources */ = {
			isa = PBXResourcesBuildPhase;
			buildActionMask = 2147483647;
			files = (
			);
			runOnlyForDeploymentPostprocessing = 0;
		};
/* End PBXResourcesBuildPhase section */

/* Begin PBXSourcesBuildPhase section */
		8778845B1B01258800EEEC5E /* Sources */ = {
			isa = PBXSourcesBuildPhase;
			buildActionMask = 2147483647;
			files = (
				8778846B1B01258800EEEC5E /* ViewController.m in Sources */,
				877884681B01258800EEEC5E /* AppDelegate.m in Sources */,
				877884651B01258800EEEC5E /* main.m in Sources */,
			);
			runOnlyForDeploymentPostprocessing = 0;
		};
		877884741B01258800EEEC5E /* Sources */ = {
			isa = PBXSourcesBuildPhase;
			buildActionMask = 2147483647;
			files = (
				8778847F1B01258800EEEC5E /* DragDropTests.m in Sources */,
			);
			runOnlyForDeploymentPostprocessing = 0;
		};
/* End PBXSourcesBuildPhase section */

/* Begin PBXTargetDependency section */
		8778847A1B01258800EEEC5E /* PBXTargetDependency */ = {
			isa = PBXTargetDependency;
			target = 8778845E1B01258800EEEC5E /* DragDrop */;
			targetProxy = 877884791B01258800EEEC5E /* PBXContainerItemProxy */;
		};
/* End PBXTargetDependency section */

/* Begin PBXVariantGroup section */
		8778846C1B01258800EEEC5E /* Main.storyboard */ = {
			isa = PBXVariantGroup;
			children = (
				8778846D1B01258800EEEC5E /* Base */,
			);
			name = Main.storyboard;
			sourceTree = "<group>";
		};
		877884711B01258800EEEC5E /* LaunchScreen.xib */ = {
			isa = PBXVariantGroup;
			children = (
				877884721B01258800EEEC5E /* Base */,
			);
			name = LaunchScreen.xib;
			sourceTree = "<group>";
		};
/* End PBXVariantGroup section */

/* Begin XCBuildConfiguration section */
		877884801B01258800EEEC5E /* Debug */ = {
			isa = XCBuildConfiguration;
			buildSettings = {
				ALWAYS_SEARCH_USER_PATHS = NO;
				CLANG_CXX_LANGUAGE_STANDARD = "gnu++0x";
				CLANG_CXX_LIBRARY = "libc++";
				CLANG_ENABLE_MODULES = YES;
				CLANG_ENABLE_OBJC_ARC = YES;
				CLANG_WARN_BOOL_CONVERSION = YES;
				CLANG_WARN_CONSTANT_CONVERSION = YES;
				CLANG_WARN_DIRECT_OBJC_ISA_USAGE = YES_ERROR;
				CLANG_WARN_EMPTY_BODY = YES;
				CLANG_WARN_ENUM_CONVERSION = YES;
				CLANG_WARN_INT_CONVERSION = YES;
				CLANG_WARN_OBJC_ROOT_CLASS = YES_ERROR;
				CLANG_WARN_UNREACHABLE_CODE = YES;
				CLANG_WARN__DUPLICATE_METHOD_MATCH = YES;
				"CODE_SIGN_IDENTITY[sdk=iphoneos*]" = "iPhone Developer";
				COPY_PHASE_STRIP = NO;
				DEBUG_INFORMATION_FORMAT = "dwarf-with-dsym";
				ENABLE_STRICT_OBJC_MSGSEND = YES;
				GCC_C_LANGUAGE_STANDARD = gnu99;
				GCC_DYNAMIC_NO_PIC = NO;
				GCC_NO_COMMON_BLOCKS = YES;
				GCC_OPTIMIZATION_LEVEL = 0;
				GCC_PREPROCESSOR_DEFINITIONS = (
					"DEBUG=1",
					"$(inherited)",
				);
				GCC_SYMBOLS_PRIVATE_EXTERN = NO;
				GCC_WARN_64_TO_32_BIT_CONVERSION = YES;
				GCC_WARN_ABOUT_RETURN_TYPE = YES_ERROR;
				GCC_WARN_UNDECLARED_SELECTOR = YES;
				GCC_WARN_UNINITIALIZED_AUTOS = YES_AGGRESSIVE;
				GCC_WARN_UNUSED_FUNCTION = YES;
				GCC_WARN_UNUSED_VARIABLE = YES;
				IPHONEOS_DEPLOYMENT_TARGET = 8.4;
				MTL_ENABLE_DEBUG_INFO = YES;
				ONLY_ACTIVE_ARCH = YES;
				SDKROOT = iphoneos;
			};
			name = Debug;
		};
		877884811B01258800EEEC5E /* Release */ = {
			isa = XCBuildConfiguration;
			buildSettings = {
				ALWAYS_SEARCH_USER_PATHS = NO;
				CLANG_CXX_LANGUAGE_STANDARD = "gnu++0x";
				CLANG_CXX_LIBRARY = "libc++";
				CLANG_ENABLE_MODULES = YES;
				CLANG_ENABLE_OBJC_ARC = YES;
				CLANG_WARN_BOOL_CONVERSION = YES;
				CLANG_WARN_CONSTANT_CONVERSION = YES;
				CLANG_WARN_DIRECT_OBJC_ISA_USAGE = YES_ERROR;
				CLANG_WARN_EMPTY_BODY = YES;
				CLANG_WARN_ENUM_CONVERSION = YES;
				CLANG_WARN_INT_CONVERSION = YES;
				CLANG_WARN_OBJC_ROOT_CLASS = YES_ERROR;
				CLANG_WARN_UNREACHABLE_CODE = YES;
				CLANG_WARN__DUPLICATE_METHOD_MATCH = YES;
				"CODE_SIGN_IDENTITY[sdk=iphoneos*]" = "iPhone Developer";
				COPY_PHASE_STRIP = NO;
				DEBUG_INFORMATION_FORMAT = "dwarf-with-dsym";
				ENABLE_NS_ASSERTIONS = NO;
				ENABLE_STRICT_OBJC_MSGSEND = YES;
				GCC_C_LANGUAGE_STANDARD = gnu99;
				GCC_NO_COMMON_BLOCKS = YES;
				GCC_WARN_64_TO_32_BIT_CONVERSION = YES;
				GCC_WARN_ABOUT_RETURN_TYPE = YES_ERROR;
				GCC_WARN_UNDECLARED_SELECTOR = YES;
				GCC_WARN_UNINITIALIZED_AUTOS = YES_AGGRESSIVE;
				GCC_WARN_UNUSED_FUNCTION = YES;
				GCC_WARN_UNUSED_VARIABLE = YES;
				IPHONEOS_DEPLOYMENT_TARGET = 8.4;
				MTL_ENABLE_DEBUG_INFO = NO;
				SDKROOT = iphoneos;
				VALIDATE_PRODUCT = YES;
			};
			name = Release;
		};
		877884831B01258800EEEC5E /* Debug */ = {
			isa = XCBuildConfiguration;
			buildSettings = {
				ASSETCATALOG_COMPILER_APPICON_NAME = AppIcon;
				INFOPLIST_FILE = DragDrop/Info.plist;
				LD_RUNPATH_SEARCH_PATHS = "$(inherited) @executable_path/Frameworks";
				PRODUCT_NAME = "$(TARGET_NAME)";
			};
			name = Debug;
		};
		877884841B01258800EEEC5E /* Release */ = {
			isa = XCBuildConfiguration;
			buildSettings = {
				ASSETCATALOG_COMPILER_APPICON_NAME = AppIcon;
				INFOPLIST_FILE = DragDrop/Info.plist;
				LD_RUNPATH_SEARCH_PATHS = "$(inherited) @executable_path/Frameworks";
				PRODUCT_NAME = "$(TARGET_NAME)";
			};
			name = Release;
		};
		877884861B01258800EEEC5E /* Debug */ = {
			isa = XCBuildConfiguration;
			buildSettings = {
				BUNDLE_LOADER = "$(TEST_HOST)";
				FRAMEWORK_SEARCH_PATHS = (
					"$(SDKROOT)/Developer/Library/Frameworks",
					"$(inherited)",
				);
				GCC_PREPROCESSOR_DEFINITIONS = (
					"DEBUG=1",
					"$(inherited)",
				);
				INFOPLIST_FILE = DragDropTests/Info.plist;
				LD_RUNPATH_SEARCH_PATHS = "$(inherited) @executable_path/Frameworks @loader_path/Frameworks";
				PRODUCT_NAME = "$(TARGET_NAME)";
				TEST_HOST = "$(BUILT_PRODUCTS_DIR)/DragDrop.app/DragDrop";
			};
			name = Debug;
		};
		877884871B01258800EEEC5E /* Release */ = {
			isa = XCBuildConfiguration;
			buildSettings = {
				BUNDLE_LOADER = "$(TEST_HOST)";
				FRAMEWORK_SEARCH_PATHS = (
					"$(SDKROOT)/Developer/Library/Frameworks",
					"$(inherited)",
				);
				INFOPLIST_FILE = DragDropTests/Info.plist;
				LD_RUNPATH_SEARCH_PATHS = "$(inherited) @executable_path/Frameworks @loader_path/Frameworks";
				PRODUCT_NAME = "$(TARGET_NAME)";
				TEST_HOST = "$(BUILT_PRODUCTS_DIR)/DragDrop.app/DragDrop";
			};
			name = Release;
		};
/* End XCBuildConfiguration section */

/* Begin XCConfigurationList section */
		8778845A1B01258800EEEC5E /* Build configuration list for PBXProject "DragDrop" */ = {
			isa = XCConfigurationList;
			buildConfigurations = (
				877884801B01258800EEEC5E /* Debug */,
				877884811B01258800EEEC5E /* Release */,
			);
			defaultConfigurationIsVisible = 0;
			defaultConfigurationName = Release;
		};
		877884821B01258800EEEC5E /* Build configuration list for PBXNativeTarget "DragDrop" */ = {
			isa = XCConfigurationList;
			buildConfigurations = (
				877884831B01258800EEEC5E /* Debug */,
				877884841B01258800EEEC5E /* Release */,
			);
			defaultConfigurationIsVisible = 0;
		};
		877884851B01258800EEEC5E /* Build configuration list for PBXNativeTarget "DragDropTests" */ = {
			isa = XCConfigurationList;
			buildConfigurations = (
				877884861B01258800EEEC5E /* Debug */,
				877884871B01258800EEEC5E /* Release */,
			);
			defaultConfigurationIsVisible = 0;
		};
/* End XCConfigurationList section */
	};
	rootObject = 877884571B01258800EEEC5E /* Project object */;
}
